github.com/duynguyendang/docxgo/v3 v3.0.0-20260413074534-c2f254cc6bc2 h1:yT4NHdPw+RzNLAzuxWPriuXiRdUS1mrTLMpfkLEz/5A=
github.com/duynguyendang/docxgo/v3 v3.0.0-20260413074534-c2f254cc6bc2/go.mod h1:C/un75qpWlQ6GccTLB6e0gHbuN+mjj0P3hdV+Jhhbr4=
github.com/unidoc/unioffice v1.39.0 h1:Wo5zvrzCqhyK/1Zi5dg8a5F5+NRftIMZPnFPYwruLto=
github.com/unidoc/unioffice v1.39.0/go.mod h1:Axz6ltIZZTUUyHoEnPe4Mb3VmsN4TRHT5iZCGZ1rgnU=
